# koka.lock -- generated by `koka fetch`; do not edit by hand.
version = 1
root = "notes-service"
koka = ">=3.2,<4"

[packages.bytes]
kind = "path"
path = "../../koka-packages/bytes"
checksum = "sha256:d95a466a6992253df0838a02d749afecb4beedda278d64fe00ad942a6605f80b"
dependencies = ["kktest"]

[packages.fileio]
kind = "path"
path = "../../koka-packages/fileio"
checksum = "sha256:d07f09508214a541fec68a1e76de85a278d39ad77324cf396b3663a51fcacbad"
dependencies = ["bytes", "kktest", "resource"]

[packages.hashmap]
kind = "path"
path = "../../koka-packages/hashmap"
checksum = "sha256:3307590bd99e20dad84bca45cc8082989c49abdf483e80595dce0f0b6844266e"
dependencies = ["kktest"]

[packages.http]
kind = "path"
path = "../../koka-packages/http"
checksum = "sha256:c200a370885ad4e0ba96fe0aaa9616c8212d6abdeda47493f3004bab7b56222e"
dependencies = ["bytes", "kktest", "logging", "runtime", "strbuilder"]

[packages.json]
kind = "path"
path = "../../koka-packages/json"
checksum = "sha256:96186d47068086cedad5d03824348b3416bb4123a07bab5d4cc0c9e4035caa93"
dependencies = ["bytes", "hashmap", "kktest", "strbuilder"]

[packages.kktest]
kind = "path"
path = "../../koka-packages/kktest"
checksum = "sha256:2666b82481b230a478e8a4dd0ceecd18fea4acf1e1d82cc2313121e205167c13"
dependencies = []

[packages.logging]
kind = "path"
path = "../../koka-packages/logging"
checksum = "sha256:ef81b9ace55af85a86f286b4671e69d361742b36dc8716b360854c5814110c34"
dependencies = ["json", "kktest", "strbuilder"]

[packages.resource]
kind = "path"
path = "../../koka-packages/resource"
checksum = "sha256:ae6411fb372363a8ffb18e910f49ec18ab130b7a6fe324df2b7285f08c59958f"
dependencies = ["kktest"]

[packages.runtime]
kind = "path"
path = "../../koka-packages/runtime"
checksum = "sha256:1487ee354087aac3a2afcc57443224cab5534a9ba46d18f927b372564c02a9da"
dependencies = ["bytes", "kktest", "resource"]

[packages.sqlite]
kind = "path"
path = "../../koka-packages/sqlite"
checksum = "sha256:83c6ca865d4fc36a8481714cde03c8068e8a8d57c3ed1edfe738c602c5e20fcd"
dependencies = ["bytes", "kktest", "resource"]

[packages.strbuilder]
kind = "path"
path = "../../koka-packages/strbuilder"
checksum = "sha256:36064cb798eafda61069712fa549248200283a46f320bf55b206ec052e3f904c"
dependencies = ["bytes", "kktest"]
