# koka.lock -- generated by `koka fetch`; do not edit by hand.
version = 1
root = "notes-service"
koka = ">=3.2,<4"

[packages.bytes]
kind = "path"
path = "../../koka-packages/bytes"
checksum = "sha256:6fadb3a8b7a90ef2c6d6b1aaf30b4a2f25c875c92a6c2c006216ba4477ae74fe"
dependencies = ["kktest"]

[packages.fileio]
kind = "path"
path = "../../koka-packages/fileio"
checksum = "sha256:7c3e38e5611e696d733b05305ca0e39f9153ab5e7baf9ed8e02f4ce9b398b796"
dependencies = ["bytes", "kktest", "resource"]

[packages.hashmap]
kind = "path"
path = "../../koka-packages/hashmap"
checksum = "sha256:3307590bd99e20dad84bca45cc8082989c49abdf483e80595dce0f0b6844266e"
dependencies = ["kktest"]

[packages.http]
kind = "path"
path = "../../koka-packages/http"
checksum = "sha256:c200a370885ad4e0ba96fe0aaa9616c8212d6abdeda47493f3004bab7b56222e"
dependencies = ["bytes", "kktest", "logging", "runtime", "strbuilder"]

[packages.json]
kind = "path"
path = "../../koka-packages/json"
checksum = "sha256:34c2efb784a09534d33feb6cc4326274e2489b2e202d2447164517ee847d800f"
dependencies = ["bytes", "hashmap", "kktest", "strbuilder"]

[packages.kktest]
kind = "path"
path = "../../koka-packages/kktest"
checksum = "sha256:2666b82481b230a478e8a4dd0ceecd18fea4acf1e1d82cc2313121e205167c13"
dependencies = []

[packages.logging]
kind = "path"
path = "../../koka-packages/logging"
checksum = "sha256:00a9cb4867fb3e84fe388289a4762783257c885bf0ae98c545996f485953cc07"
dependencies = ["json", "kktest", "strbuilder"]

[packages.resource]
kind = "path"
path = "../../koka-packages/resource"
checksum = "sha256:ae6411fb372363a8ffb18e910f49ec18ab130b7a6fe324df2b7285f08c59958f"
dependencies = ["kktest"]

[packages.runtime]
kind = "path"
path = "../../koka-packages/runtime"
checksum = "sha256:1487ee354087aac3a2afcc57443224cab5534a9ba46d18f927b372564c02a9da"
dependencies = ["bytes", "kktest", "resource"]

[packages.sqlite]
kind = "path"
path = "../../koka-packages/sqlite"
checksum = "sha256:1855b66a7fffd9911e26ade0e0615ce787774eebed23458aa754b6e3d1b8d028"
dependencies = ["bytes", "kktest", "resource"]

[packages.strbuilder]
kind = "path"
path = "../../koka-packages/strbuilder"
checksum = "sha256:9f3741dfd6578a8beb00424d698a3271fcc3b20c96f8edde75772e64a4c7b491"
dependencies = ["bytes", "kktest"]
