# koka.lock -- generated by `koka fetch`; do not edit by hand.
version = 1
root = "notes-service"
koka = ">=3.2,<4"

[packages.bytes]
kind = "path"
path = "../../koka-packages/bytes"
checksum = "sha256:197668e0a9746785cea86aa9cb62ac7bddcfef2aaead12a02d5159bcc3ecac12"
dependencies = ["kktest"]

[packages.fileio]
kind = "path"
path = "../../koka-packages/fileio"
checksum = "sha256:998d54e64881a53dc6a6dd061cbf84e90f0dcd18d7304b5d5458f12cf5dcb2ae"
dependencies = ["bytes", "kktest", "resource"]

[packages.http]
kind = "path"
path = "../../koka-packages/http"
checksum = "sha256:9077dd9e73356eae84294ae6ba60c24e47d1f6a8129f7b7a7d3b4f075a777bca"
dependencies = ["bytes", "kktest", "logging", "runtime", "strbuilder"]

[packages.json]
kind = "path"
path = "../json"
checksum = "sha256:e0013f2441037b143299fa4b2d1ebfd71ac241706547652f3085a23bb8e25acc"
dependencies = ["bytes", "kktest", "strbuilder"]

[packages.kktest]
kind = "path"
path = "../kktest"
checksum = "sha256:c1c451b4d04fd95f78a2b37a7a6d508305c77874a14dc46107e6f9055a69dce1"
dependencies = []

[packages.logging]
kind = "path"
path = "../logging"
checksum = "sha256:5963e3fdc9c6e3c171e8b5666d81b68f316953c38162a630e6154b5ce961aa7b"
dependencies = ["json", "kktest", "strbuilder"]

[packages.resource]
kind = "path"
path = "../resource"
checksum = "sha256:84f94b43c11d171da59169d1d31dd2d71f44accc17572e23d7de12d2e8d8427d"
dependencies = ["kktest"]

[packages.runtime]
kind = "path"
path = "../runtime"
checksum = "sha256:f2a29f4053024df220fc184a1828b0eabf6ef8be7b001308244416847dacbc14"
dependencies = ["bytes", "kktest", "resource"]

[packages.sqlite]
kind = "path"
path = "../../koka-packages/sqlite"
checksum = "sha256:b3bf582dde2d37a4fa6cb95dd4520bdbdb2452741209de55bac996e01c8df7c1"
dependencies = ["bytes", "kktest", "resource"]

[packages.strbuilder]
kind = "path"
path = "../strbuilder"
checksum = "sha256:85cb39b6dcb63c8ea0e5958788151c48c23a34381fe63df2cc7bd4bc5d617c54"
dependencies = ["bytes", "kktest"]
